// !$*UTF8*$!
{
	archiveVersion = 1;
	classes = {
	};
	objectVersion = 46;
	objects = {

/* Begin PBXBuildFile section */
		7F009AE047BF4BE53D627B90 /* Pods_ML_client.framework in Frameworks */ = {isa = PBXBuildFile; fileRef = 2E85D158FA70C7558A7385FC /* Pods_ML_client.framework */; };
		E78383761F3FECF900688AD7 /* AppDelegate.swift in Sources */ = {isa = PBXBuildFile; fileRef = E78383751F3FECF900688AD7 /* AppDelegate.swift */; };
		E783838B1F3FF18400688AD7 /* NetworkingHelper.swift in Sources */ = {isa = PBXBuildFile; fileRef = E78383891F3FF18400688AD7 /* NetworkingHelper.swift */; };
		E783838D1F3FF2CF00688AD7 /* MLAPI.swift in Sources */ = {isa = PBXBuildFile; fileRef = E783838C1F3FF2CF00688AD7 /* MLAPI.swift */; };
		E78383921F41058300688AD7 /* CardIssuer.swift in Sources */ = {isa = PBXBuildFile; fileRef = E783838F1F41058300688AD7 /* CardIssuer.swift */; };
		E78383931F41058300688AD7 /* Installment.swift in Sources */ = {isa = PBXBuildFile; fileRef = E78383901F41058300688AD7 /* Installment.swift */; };
		E78383941F41058300688AD7 /* PaymentMethod.swift in Sources */ = {isa = PBXBuildFile; fileRef = E78383911F41058300688AD7 /* PaymentMethod.swift */; };
		E783839F1F41082E00688AD7 /* FileSystemHelper.swift in Sources */ = {isa = PBXBuildFile; fileRef = E783839A1F41082E00688AD7 /* FileSystemHelper.swift */; };
		E78383A81F41089A00688AD7 /* Assets.xcassets in Resources */ = {isa = PBXBuildFile; fileRef = E78383A21F41089A00688AD7 /* Assets.xcassets */; };
		E78383A91F41089A00688AD7 /* LaunchScreen.storyboard in Resources */ = {isa = PBXBuildFile; fileRef = E78383A31F41089A00688AD7 /* LaunchScreen.storyboard */; };
		E78383AA1F41089A00688AD7 /* Main.storyboard in Resources */ = {isa = PBXBuildFile; fileRef = E78383A51F41089A00688AD7 /* Main.storyboard */; };
		E78383B21F41135B00688AD7 /* AmountViewController.swift in Sources */ = {isa = PBXBuildFile; fileRef = E78383B11F41135B00688AD7 /* AmountViewController.swift */; };
		E78383B41F41137000688AD7 /* PaymentMethodsViewController.swift in Sources */ = {isa = PBXBuildFile; fileRef = E78383B31F41137000688AD7 /* PaymentMethodsViewController.swift */; };
		E78383B61F41139000688AD7 /* CardIssuersViewController.swift in Sources */ = {isa = PBXBuildFile; fileRef = E78383B51F41139000688AD7 /* CardIssuersViewController.swift */; };
		E78383B81F41139E00688AD7 /* InstallmentsViewController.swift in Sources */ = {isa = PBXBuildFile; fileRef = E78383B71F41139E00688AD7 /* InstallmentsViewController.swift */; };
		E78383BE1F411E3B00688AD7 /* PaymentController.swift in Sources */ = {isa = PBXBuildFile; fileRef = E78383BD1F411E3B00688AD7 /* PaymentController.swift */; };
		E78383C11F411EDF00688AD7 /* PaymentManager.swift in Sources */ = {isa = PBXBuildFile; fileRef = E78383C01F411EDF00688AD7 /* PaymentManager.swift */; };
		E78383C81F41306600688AD7 /* UIColor+Extension.swift in Sources */ = {isa = PBXBuildFile; fileRef = E78383C71F41306600688AD7 /* UIColor+Extension.swift */; };
/* End PBXBuildFile section */

/* Begin PBXFileReference section */
		2E85D158FA70C7558A7385FC /* Pods_ML_client.framework */ = {isa = PBXFileReference; explicitFileType = wrapper.framework; includeInIndex = 0; path = Pods_ML_client.framework; sourceTree = BUILT_PRODUCTS_DIR; };
		36CD2972245C9935198EB38B /* Pods-ML-client.debug.xcconfig */ = {isa = PBXFileReference; includeInIndex = 1; lastKnownFileType = text.xcconfig; name = "Pods-ML-client.debug.xcconfig"; path = "Pods/Target Support Files/Pods-ML-client/Pods-ML-client.debug.xcconfig"; sourceTree = "<group>"; };
		8F3CED87D246A82F7C12B1C2 /* Pods-ML-client.release.xcconfig */ = {isa = PBXFileReference; includeInIndex = 1; lastKnownFileType = text.xcconfig; name = "Pods-ML-client.release.xcconfig"; path = "Pods/Target Support Files/Pods-ML-client/Pods-ML-client.release.xcconfig"; sourceTree = "<group>"; };
		E78383721F3FECF900688AD7 /* ML-client.app */ = {isa = PBXFileReference; explicitFileType = wrapper.application; includeInIndex = 0; path = "ML-client.app"; sourceTree = BUILT_PRODUCTS_DIR; };
		E78383751F3FECF900688AD7 /* AppDelegate.swift */ = {isa = PBXFileReference; lastKnownFileType = sourcecode.swift; path = AppDelegate.swift; sourceTree = "<group>"; };
		E78383891F3FF18400688AD7 /* NetworkingHelper.swift */ = {isa = PBXFileReference; fileEncoding = 4; lastKnownFileType = sourcecode.swift; path = NetworkingHelper.swift; sourceTree = "<group>"; };
		E783838C1F3FF2CF00688AD7 /* MLAPI.swift */ = {isa = PBXFileReference; fileEncoding = 4; lastKnownFileType = sourcecode.swift; path = MLAPI.swift; sourceTree = "<group>"; };
		E783838F1F41058300688AD7 /* CardIssuer.swift */ = {isa = PBXFileReference; fileEncoding = 4; lastKnownFileType = sourcecode.swift; path = CardIssuer.swift; sourceTree = "<group>"; };
		E78383901F41058300688AD7 /* Installment.swift */ = {isa = PBXFileReference; fileEncoding = 4; lastKnownFileType = sourcecode.swift; path = Installment.swift; sourceTree = "<group>"; };
		E78383911F41058300688AD7 /* PaymentMethod.swift */ = {isa = PBXFileReference; fileEncoding = 4; lastKnownFileType = sourcecode.swift; path = PaymentMethod.swift; sourceTree = "<group>"; };
		E783839A1F41082E00688AD7 /* FileSystemHelper.swift */ = {isa = PBXFileReference; fileEncoding = 4; lastKnownFileType = sourcecode.swift; path = FileSystemHelper.swift; sourceTree = "<group>"; };
		E78383A21F41089A00688AD7 /* Assets.xcassets */ = {isa = PBXFileReference; lastKnownFileType = folder.assetcatalog; path = Assets.xcassets; sourceTree = "<group>"; };
		E78383A41F41089A00688AD7 /* Base */ = {isa = PBXFileReference; lastKnownFileType = file.storyboard; name = Base; path = Base.lproj/LaunchScreen.storyboard; sourceTree = "<group>"; };
		E78383A61F41089A00688AD7 /* Base */ = {isa = PBXFileReference; lastKnownFileType = file.storyboard; name = Base; path = Base.lproj/Main.storyboard; sourceTree = "<group>"; };
		E78383A71F41089A00688AD7 /* Info.plist */ = {isa = PBXFileReference; fileEncoding = 4; lastKnownFileType = text.plist.xml; path = Info.plist; sourceTree = "<group>"; };
		E78383B11F41135B00688AD7 /* AmountViewController.swift */ = {isa = PBXFileReference; fileEncoding = 4; lastKnownFileType = sourcecode.swift; path = AmountViewController.swift; sourceTree = "<group>"; };
		E78383B31F41137000688AD7 /* PaymentMethodsViewController.swift */ = {isa = PBXFileReference; fileEncoding = 4; lastKnownFileType = sourcecode.swift; path = PaymentMethodsViewController.swift; sourceTree = "<group>"; };
		E78383B51F41139000688AD7 /* CardIssuersViewController.swift */ = {isa = PBXFileReference; fileEncoding = 4; lastKnownFileType = sourcecode.swift; path = CardIssuersViewController.swift; sourceTree = "<group>"; };
		E78383B71F41139E00688AD7 /* InstallmentsViewController.swift */ = {isa = PBXFileReference; fileEncoding = 4; lastKnownFileType = sourcecode.swift; path = InstallmentsViewController.swift; sourceTree = "<group>"; };
		E78383BD1F411E3B00688AD7 /* PaymentController.swift */ = {isa = PBXFileReference; fileEncoding = 4; lastKnownFileType = sourcecode.swift; path = PaymentController.swift; sourceTree = "<group>"; };
		E78383C01F411EDF00688AD7 /* PaymentManager.swift */ = {isa = PBXFileReference; fileEncoding = 4; lastKnownFileType = sourcecode.swift; path = PaymentManager.swift; sourceTree = "<group>"; };
		E78383C71F41306600688AD7 /* UIColor+Extension.swift */ = {isa = PBXFileReference; fileEncoding = 4; lastKnownFileType = sourcecode.swift; path = "UIColor+Extension.swift"; sourceTree = "<group>"; };
/* End PBXFileReference section */

/* Begin PBXFrameworksBuildPhase section */
		E783836F1F3FECF900688AD7 /* Frameworks */ = {
			isa = PBXFrameworksBuildPhase;
			buildActionMask = 2147483647;
			files = (
				7F009AE047BF4BE53D627B90 /* Pods_ML_client.framework in Frameworks */,
			);
			runOnlyForDeploymentPostprocessing = 0;
		};
/* End PBXFrameworksBuildPhase section */

/* Begin PBXGroup section */
		38CD656362B567527318C96F /* Frameworks */ = {
			isa = PBXGroup;
			children = (
				2E85D158FA70C7558A7385FC /* Pods_ML_client.framework */,
			);
			name = Frameworks;
			sourceTree = "<group>";
		};
		81991CA85E21E47CB542829B /* Pods */ = {
			isa = PBXGroup;
			children = (
				36CD2972245C9935198EB38B /* Pods-ML-client.debug.xcconfig */,
				8F3CED87D246A82F7C12B1C2 /* Pods-ML-client.release.xcconfig */,
			);
			name = Pods;
			sourceTree = "<group>";
		};
		E78383691F3FECF900688AD7 = {
			isa = PBXGroup;
			children = (
				E78383741F3FECF900688AD7 /* ML-client */,
				81991CA85E21E47CB542829B /* Pods */,
				38CD656362B567527318C96F /* Frameworks */,
				E78383731F3FECF900688AD7 /* Products */,
			);
			sourceTree = "<group>";
		};
		E78383731F3FECF900688AD7 /* Products */ = {
			isa = PBXGroup;
			children = (
				E78383721F3FECF900688AD7 /* ML-client.app */,
			);
			name = Products;
			sourceTree = "<group>";
		};
		E78383741F3FECF900688AD7 /* ML-client */ = {
			isa = PBXGroup;
			children = (
				E78383751F3FECF900688AD7 /* AppDelegate.swift */,
				E78383AE1F410DC700688AD7 /* View Controllers */,
				E78383BF1F411EA300688AD7 /* Managers */,
				E78383951F41082E00688AD7 /* Helpers */,
				E783838E1F3FF60000688AD7 /* Model */,
				E78383871F3FF18400688AD7 /* Networking */,
				E78383A11F41089A00688AD7 /* Resources */,
			);
			path = "ML-client";
			sourceTree = "<group>";
		};
		E78383871F3FF18400688AD7 /* Networking */ = {
			isa = PBXGroup;
			children = (
				E783838C1F3FF2CF00688AD7 /* MLAPI.swift */,
				E78383891F3FF18400688AD7 /* NetworkingHelper.swift */,
			);
			path = Networking;
			sourceTree = "<group>";
		};
		E783838E1F3FF60000688AD7 /* Model */ = {
			isa = PBXGroup;
			children = (
				E783838F1F41058300688AD7 /* CardIssuer.swift */,
				E78383901F41058300688AD7 /* Installment.swift */,
				E78383911F41058300688AD7 /* PaymentMethod.swift */,
			);
			path = Model;
			sourceTree = "<group>";
		};
		E78383951F41082E00688AD7 /* Helpers */ = {
			isa = PBXGroup;
			children = (
				E78383C21F41304A00688AD7 /* Extensions */,
				E78383991F41082E00688AD7 /* Fle System */,
			);
			path = Helpers;
			sourceTree = "<group>";
		};
		E78383991F41082E00688AD7 /* Fle System */ = {
			isa = PBXGroup;
			children = (
				E783839A1F41082E00688AD7 /* FileSystemHelper.swift */,
			);
			path = "Fle System";
			sourceTree = "<group>";
		};
		E78383A11F41089A00688AD7 /* Resources */ = {
			isa = PBXGroup;
			children = (
				E78383A21F41089A00688AD7 /* Assets.xcassets */,
				E78383A31F41089A00688AD7 /* LaunchScreen.storyboard */,
				E78383A51F41089A00688AD7 /* Main.storyboard */,
				E78383A71F41089A00688AD7 /* Info.plist */,
			);
			path = Resources;
			sourceTree = "<group>";
		};
		E78383AE1F410DC700688AD7 /* View Controllers */ = {
			isa = PBXGroup;
			children = (
				E78383B11F41135B00688AD7 /* AmountViewController.swift */,
				E78383B31F41137000688AD7 /* PaymentMethodsViewController.swift */,
				E78383B51F41139000688AD7 /* CardIssuersViewController.swift */,
				E78383B71F41139E00688AD7 /* InstallmentsViewController.swift */,
				E78383BD1F411E3B00688AD7 /* PaymentController.swift */,
			);
			path = "View Controllers";
			sourceTree = "<group>";
		};
		E78383BF1F411EA300688AD7 /* Managers */ = {
			isa = PBXGroup;
			children = (
				E78383C01F411EDF00688AD7 /* PaymentManager.swift */,
			);
			path = Managers;
			sourceTree = "<group>";
		};
		E78383C21F41304A00688AD7 /* Extensions */ = {
			isa = PBXGroup;
			children = (
				E78383C71F41306600688AD7 /* UIColor+Extension.swift */,
			);
			path = Extensions;
			sourceTree = "<group>";
		};
/* End PBXGroup section */

/* Begin PBXNativeTarget section */
		E78383711F3FECF900688AD7 /* ML-client */ = {
			isa = PBXNativeTarget;
			buildConfigurationList = E78383841F3FECF900688AD7 /* Build configuration list for PBXNativeTarget "ML-client" */;
			buildPhases = (
				CB67CC141A7C926EFA949110 /* [CP] Check Pods Manifest.lock */,
				E783836E1F3FECF900688AD7 /* Sources */,
				E783836F1F3FECF900688AD7 /* Frameworks */,
				E78383701F3FECF900688AD7 /* Resources */,
				C57B48658E875AEF3D035B16 /* [CP] Embed Pods Frameworks */,
				92C0A2E571B66D7D5EE29CDC /* [CP] Copy Pods Resources */,
			);
			buildRules = (
			);
			dependencies = (
			);
			name = "ML-client";
			productName = "ML-client";
			productReference = E78383721F3FECF900688AD7 /* ML-client.app */;
			productType = "com.apple.product-type.application";
		};
/* End PBXNativeTarget section */

/* Begin PBXProject section */
		E783836A1F3FECF900688AD7 /* Project object */ = {
			isa = PBXProject;
			attributes = {
				LastSwiftUpdateCheck = 0830;
				LastUpgradeCheck = 0830;
				ORGANIZATIONNAME = "Pablo Romero";
				TargetAttributes = {
					E78383711F3FECF900688AD7 = {
						CreatedOnToolsVersion = 8.3.3;
						DevelopmentTeam = PKK38A5A2E;
						ProvisioningStyle = Automatic;
					};
				};
			};
			buildConfigurationList = E783836D1F3FECF900688AD7 /* Build configuration list for PBXProject "ML-client" */;
			compatibilityVersion = "Xcode 3.2";
			developmentRegion = English;
			hasScannedForEncodings = 0;
			knownRegions = (
				en,
				Base,
			);
			mainGroup = E78383691F3FECF900688AD7;
			productRefGroup = E78383731F3FECF900688AD7 /* Products */;
			projectDirPath = "";
			projectRoot = "";
			targets = (
				E78383711F3FECF900688AD7 /* ML-client */,
			);
		};
/* End PBXProject section */

/* Begin PBXResourcesBuildPhase section */
		E78383701F3FECF900688AD7 /* Resources */ = {
			isa = PBXResourcesBuildPhase;
			buildActionMask = 2147483647;
			files = (
				E78383AA1F41089A00688AD7 /* Main.storyboard in Resources */,
				E78383A81F41089A00688AD7 /* Assets.xcassets in Resources */,
				E78383A91F41089A00688AD7 /* LaunchScreen.storyboard in Resources */,
			);
			runOnlyForDeploymentPostprocessing = 0;
		};
/* End PBXResourcesBuildPhase section */

/* Begin PBXShellScriptBuildPhase section */
		92C0A2E571B66D7D5EE29CDC /* [CP] Copy Pods Resources */ = {
			isa = PBXShellScriptBuildPhase;
			buildActionMask = 2147483647;
			files = (
			);
			inputPaths = (
			);
			name = "[CP] Copy Pods Resources";
			outputPaths = (
			);
			runOnlyForDeploymentPostprocessing = 0;
			shellPath = /bin/sh;
			shellScript = "\"${SRCROOT}/Pods/Target Support Files/Pods-ML-client/Pods-ML-client-resources.sh\"\n";
			showEnvVarsInLog = 0;
		};
		C57B48658E875AEF3D035B16 /* [CP] Embed Pods Frameworks */ = {
			isa = PBXShellScriptBuildPhase;
			buildActionMask = 2147483647;
			files = (
			);
			inputPaths = (
			);
			name = "[CP] Embed Pods Frameworks";
			outputPaths = (
			);
			runOnlyForDeploymentPostprocessing = 0;
			shellPath = /bin/sh;
			shellScript = "\"${SRCROOT}/Pods/Target Support Files/Pods-ML-client/Pods-ML-client-frameworks.sh\"\n";
			showEnvVarsInLog = 0;
		};
		CB67CC141A7C926EFA949110 /* [CP] Check Pods Manifest.lock */ = {
			isa = PBXShellScriptBuildPhase;
			buildActionMask = 2147483647;
			files = (
			);
			inputPaths = (
			);
			name = "[CP] Check Pods Manifest.lock";
			outputPaths = (
			);
			runOnlyForDeploymentPostprocessing = 0;
			shellPath = /bin/sh;
			shellScript = "diff \"${PODS_PODFILE_DIR_PATH}/Podfile.lock\" \"${PODS_ROOT}/Manifest.lock\" > /dev/null\nif [ $? != 0 ] ; then\n    # print error to STDERR\n    echo \"error: The sandbox is not in sync with the Podfile.lock. Run 'pod install' or update your CocoaPods installation.\" >&2\n    exit 1\nfi\n";
			showEnvVarsInLog = 0;
		};
/* End PBXShellScriptBuildPhase section */

/* Begin PBXSourcesBuildPhase section */
		E783836E1F3FECF900688AD7 /* Sources */ = {
			isa = PBXSourcesBuildPhase;
			buildActionMask = 2147483647;
			files = (
				E78383B81F41139E00688AD7 /* InstallmentsViewController.swift in Sources */,
				E78383C11F411EDF00688AD7 /* PaymentManager.swift in Sources */,
				E783839F1F41082E00688AD7 /* FileSystemHelper.swift in Sources */,
				E783838B1F3FF18400688AD7 /* NetworkingHelper.swift in Sources */,
				E78383B61F41139000688AD7 /* CardIssuersViewController.swift in Sources */,
				E78383B41F41137000688AD7 /* PaymentMethodsViewController.swift in Sources */,
				E78383C81F41306600688AD7 /* UIColor+Extension.swift in Sources */,
				E78383B21F41135B00688AD7 /* AmountViewController.swift in Sources */,
				E78383BE1F411E3B00688AD7 /* PaymentController.swift in Sources */,
				E783838D1F3FF2CF00688AD7 /* MLAPI.swift in Sources */,
				E78383941F41058300688AD7 /* PaymentMethod.swift in Sources */,
				E78383931F41058300688AD7 /* Installment.swift in Sources */,
				E78383921F41058300688AD7 /* CardIssuer.swift in Sources */,
				E78383761F3FECF900688AD7 /* AppDelegate.swift in Sources */,
			);
			runOnlyForDeploymentPostprocessing = 0;
		};
/* End PBXSourcesBuildPhase section */

/* Begin PBXVariantGroup section */
		E78383A31F41089A00688AD7 /* LaunchScreen.storyboard */ = {
			isa = PBXVariantGroup;
			children = (
				E78383A41F41089A00688AD7 /* Base */,
			);
			name = LaunchScreen.storyboard;
			sourceTree = "<group>";
		};
		E78383A51F41089A00688AD7 /* Main.storyboard */ = {
			isa = PBXVariantGroup;
			children = (
				E78383A61F41089A00688AD7 /* Base */,
			);
			name = Main.storyboard;
			sourceTree = "<group>";
		};
/* End PBXVariantGroup section */

/* Begin XCBuildConfiguration section */
		E78383821F3FECF900688AD7 /* Debug */ = {
			isa = XCBuildConfiguration;
			buildSettings = {
				ALWAYS_SEARCH_USER_PATHS = NO;
				CLANG_ANALYZER_NONNULL = YES;
				CLANG_ANALYZER_NUMBER_OBJECT_CONVERSION = YES_AGGRESSIVE;
				CLANG_CXX_LANGUAGE_STANDARD = "gnu++0x";
				CLANG_CXX_LIBRARY = "libc++";
				CLANG_ENABLE_MODULES = YES;
				CLANG_ENABLE_OBJC_ARC = YES;
				CLANG_WARN_BOOL_CONVERSION = YES;
				CLANG_WARN_CONSTANT_CONVERSION = YES;
				CLANG_WARN_DIRECT_OBJC_ISA_USAGE = YES_ERROR;
				CLANG_WARN_DOCUMENTATION_COMMENTS = YES;
				CLANG_WARN_EMPTY_BODY = YES;
				CLANG_WARN_ENUM_CONVERSION = YES;
				CLANG_WARN_INFINITE_RECURSION = YES;
				CLANG_WARN_INT_CONVERSION = YES;
				CLANG_WARN_OBJC_ROOT_CLASS = YES_ERROR;
				CLANG_WARN_SUSPICIOUS_MOVE = YES;
				CLANG_WARN_UNREACHABLE_CODE = YES;
				CLANG_WARN__DUPLICATE_METHOD_MATCH = YES;
				"CODE_SIGN_IDENTITY[sdk=iphoneos*]" = "iPhone Developer";
				COPY_PHASE_STRIP = NO;
				DEBUG_INFORMATION_FORMAT = dwarf;
				ENABLE_STRICT_OBJC_MSGSEND = YES;
				ENABLE_TESTABILITY = YES;
				GCC_C_LANGUAGE_STANDARD = gnu99;
				GCC_DYNAMIC_NO_PIC = NO;
				GCC_NO_COMMON_BLOCKS = YES;
				GCC_OPTIMIZATION_LEVEL = 0;
				GCC_PREPROCESSOR_DEFINITIONS = (
					"DEBUG=1",
					"$(inherited)",
				);
				GCC_WARN_64_TO_32_BIT_CONVERSION = YES;
				GCC_WARN_ABOUT_RETURN_TYPE = YES_ERROR;
				GCC_WARN_UNDECLARED_SELECTOR = YES;
				GCC_WARN_UNINITIALIZED_AUTOS = YES_AGGRESSIVE;
				GCC_WARN_UNUSED_FUNCTION = YES;
				GCC_WARN_UNUSED_VARIABLE = YES;
				IPHONEOS_DEPLOYMENT_TARGET = 10.3;
				MTL_ENABLE_DEBUG_INFO = YES;
				ONLY_ACTIVE_ARCH = YES;
				SDKROOT = iphoneos;
				SWIFT_ACTIVE_COMPILATION_CONDITIONS = DEBUG;
				SWIFT_OPTIMIZATION_LEVEL = "-Onone";
			};
			name = Debug;
		};
		E78383831F3FECF900688AD7 /* Release */ = {
			isa = XCBuildConfiguration;
			buildSettings = {
				ALWAYS_SEARCH_USER_PATHS = NO;
				CLANG_ANALYZER_NONNULL = YES;
				CLANG_ANALYZER_NUMBER_OBJECT_CONVERSION = YES_AGGRESSIVE;
				CLANG_CXX_LANGUAGE_STANDARD = "gnu++0x";
				CLANG_CXX_LIBRARY = "libc++";
				CLANG_ENABLE_MODULES = YES;
				CLANG_ENABLE_OBJC_ARC = YES;
				CLANG_WARN_BOOL_CONVERSION = YES;
				CLANG_WARN_CONSTANT_CONVERSION = YES;
				CLANG_WARN_DIRECT_OBJC_ISA_USAGE = YES_ERROR;
				CLANG_WARN_DOCUMENTATION_COMMENTS = YES;
				CLANG_WARN_EMPTY_BODY = YES;
				CLANG_WARN_ENUM_CONVERSION = YES;
				CLANG_WARN_INFINITE_RECURSION = YES;
				CLANG_WARN_INT_CONVERSION = YES;
				CLANG_WARN_OBJC_ROOT_CLASS = YES_ERROR;
				CLANG_WARN_SUSPICIOUS_MOVE = YES;
				CLANG_WARN_UNREACHABLE_CODE = YES;
				CLANG_WARN__DUPLICATE_METHOD_MATCH = YES;
				"CODE_SIGN_IDENTITY[sdk=iphoneos*]" = "iPhone Developer";
				COPY_PHASE_STRIP = NO;
				DEBUG_INFORMATION_FORMAT = "dwarf-with-dsym";
				ENABLE_NS_ASSERTIONS = NO;
				ENABLE_STRICT_OBJC_MSGSEND = YES;
				GCC_C_LANGUAGE_STANDARD = gnu99;
				GCC_NO_COMMON_BLOCKS = YES;
				GCC_WARN_64_TO_32_BIT_CONVERSION = YES;
				GCC_WARN_ABOUT_RETURN_TYPE = YES_ERROR;
				GCC_WARN_UNDECLARED_SELECTOR = YES;
				GCC_WARN_UNINITIALIZED_AUTOS = YES_AGGRESSIVE;
				GCC_WARN_UNUSED_FUNCTION = YES;
				GCC_WARN_UNUSED_VARIABLE = YES;
				IPHONEOS_DEPLOYMENT_TARGET = 10.3;
				MTL_ENABLE_DEBUG_INFO = NO;
				SDKROOT = iphoneos;
				SWIFT_OPTIMIZATION_LEVEL = "-Owholemodule";
				VALIDATE_PRODUCT = YES;
			};
			name = Release;
		};
		E78383851F3FECF900688AD7 /* Debug */ = {
			isa = XCBuildConfiguration;
			baseConfigurationReference = 36CD2972245C9935198EB38B /* Pods-ML-client.debug.xcconfig */;
			buildSettings = {
				ASSETCATALOG_COMPILER_APPICON_NAME = AppIcon;
				DEVELOPMENT_TEAM = PKK38A5A2E;
				INFOPLIST_FILE = "ML-client/Resources/Info.plist";
				LD_RUNPATH_SEARCH_PATHS = "$(inherited) @executable_path/Frameworks";
				PRODUCT_BUNDLE_IDENTIFIER = "microeditionbiz.ML-client";
				PRODUCT_NAME = "$(TARGET_NAME)";
				SWIFT_VERSION = 3.0;
			};
			name = Debug;
		};
		E78383861F3FECF900688AD7 /* Release */ = {
			isa = XCBuildConfiguration;
			baseConfigurationReference = 8F3CED87D246A82F7C12B1C2 /* Pods-ML-client.release.xcconfig */;
			buildSettings = {
				ASSETCATALOG_COMPILER_APPICON_NAME = AppIcon;
				DEVELOPMENT_TEAM = PKK38A5A2E;
				INFOPLIST_FILE = "ML-client/Resources/Info.plist";
				LD_RUNPATH_SEARCH_PATHS = "$(inherited) @executable_path/Frameworks";
				PRODUCT_BUNDLE_IDENTIFIER = "microeditionbiz.ML-client";
				PRODUCT_NAME = "$(TARGET_NAME)";
				SWIFT_VERSION = 3.0;
			};
			name = Release;
		};
/* End XCBuildConfiguration section */

/* Begin XCConfigurationList section */
		E783836D1F3FECF900688AD7 /* Build configuration list for PBXProject "ML-client" */ = {
			isa = XCConfigurationList;
			buildConfigurations = (
				E78383821F3FECF900688AD7 /* Debug */,
				E78383831F3FECF900688AD7 /* Release */,
			);
			defaultConfigurationIsVisible = 0;
			defaultConfigurationName = Release;
		};
		E78383841F3FECF900688AD7 /* Build configuration list for PBXNativeTarget "ML-client" */ = {
			isa = XCConfigurationList;
			buildConfigurations = (
				E78383851F3FECF900688AD7 /* Debug */,
				E78383861F3FECF900688AD7 /* Release */,
			);
			defaultConfigurationIsVisible = 0;
			defaultConfigurationName = Release;
		};
/* End XCConfigurationList section */
	};
	rootObject = E783836A1F3FECF900688AD7 /* Project object */;
}
